
Microsoft Visual Studio Solution File, Format Version 12.00
# Visual Studio Version 17
VisualStudioVersion = 17.12.35707.178
MinimumVisualStudioVersion = 10.0.40219.1
Project("{888888A0-9F3D-457C-B088-3A5042F75D52}") = "whisper-phi4", "whisper-phi4\whisper-phi4.pyproj", "{590890A1-B1A1-497A-86DC-61DEBD49A0B9}"
EndProject
Project("{888888A0-9F3D-457C-B088-3A5042F75D52}") = "ollama-chat-test", "..\ollama_test\ollama-chat-test\ollama-chat-test.pyproj", "{CDCDB3AD-3955-4AF7-859B-A127BADA3CD7}"
EndProject
Global
	GlobalSection(SolutionConfigurationPlatforms) = preSolution
		Debug|Any CPU = Debug|Any CPU
		Release|Any CPU = Release|Any CPU
	EndGlobalSection
	GlobalSection(ProjectConfigurationPlatforms) = postSolution
		{590890A1-B1A1-497A-86DC-61DEBD49A0B9}.Debug|Any CPU.ActiveCfg = Debug|Any CPU
		{590890A1-B1A1-497A-86DC-61DEBD49A0B9}.Release|Any CPU.ActiveCfg = Release|Any CPU
		{CDCDB3AD-3955-4AF7-859B-A127BADA3CD7}.Debug|Any CPU.ActiveCfg = Debug|Any CPU
		{CDCDB3AD-3955-4AF7-859B-A127BADA3CD7}.Release|Any CPU.ActiveCfg = Release|Any CPU
	EndGlobalSection
	GlobalSection(SolutionProperties) = preSolution
		HideSolutionNode = FALSE
	EndGlobalSection
EndGlobal
